
Microsoft Visual Studio Solution File, Format Version 12.00
# Visual Studio Version 16
VisualStudioVersion = 16.0.30804.86
MinimumVisualStudioVersion = 10.0.40219.1
Project("{FAE04EC0-301F-11D3-BF4B-00C04F79EFBC}") = "KampIntro", "KampIntro\KampIntro.csproj", "{32B7CD9D-7CE3-4D47-AA2B-DABD66A4B015}"
EndProject
Project("{FAE04EC0-301F-11D3-BF4B-00C04F79EFBC}") = "ClassIntro", "ClassIntro\ClassIntro.csproj", "{751D537E-47CC-479B-A2B4-892F06C6E717}"
EndProject
Project("{FAE04EC0-301F-11D3-BF4B-00C04F79EFBC}") = "DegerVeReferansTipler", "DegerVeReferansTipler\DegerVeReferansTipler.csproj", "{63671A31-C8FD-454F-A98C-38665A9F43C0}"
EndProject
Project("{FAE04EC0-301F-11D3-BF4B-00C04F79EFBC}") = "Donguler", "Donguler\Donguler.csproj", "{AEA658ED-7C36-4EEF-8CCB-F69E90746466}"
EndProject
Project("{FAE04EC0-301F-11D3-BF4B-00C04F79EFBC}") = "Metotlar", "Metotlar\Metotlar.csproj", "{8FF84BF9-3F32-4F0D-8359-6707ACAAB8D6}"
EndProject
Global
	GlobalSection(SolutionConfigurationPlatforms) = preSolution
		Debug|Any CPU = Debug|Any CPU
		Release|Any CPU = Release|Any CPU
	EndGlobalSection
	GlobalSection(ProjectConfigurationPlatforms) = postSolution
		{32B7CD9D-7CE3-4D47-AA2B-DABD66A4B015}.Debug|Any CPU.ActiveCfg = Debug|Any CPU
		{32B7CD9D-7CE3-4D47-AA2B-DABD66A4B015}.Debug|Any CPU.Build.0 = Debug|Any CPU
		{32B7CD9D-7CE3-4D47-AA2B-DABD66A4B015}.Release|Any CPU.ActiveCfg = Release|Any CPU
		{32B7CD9D-7CE3-4D47-AA2B-DABD66A4B015}.Release|Any CPU.Build.0 = Release|Any CPU
		{751D537E-47CC-479B-A2B4-892F06C6E717}.Debug|Any CPU.ActiveCfg = Debug|Any CPU
		{751D537E-47CC-479B-A2B4-892F06C6E717}.Debug|Any CPU.Build.0 = Debug|Any CPU
		{751D537E-47CC-479B-A2B4-892F06C6E717}.Release|Any CPU.ActiveCfg = Release|Any CPU
		{751D537E-47CC-479B-A2B4-892F06C6E717}.Release|Any CPU.Build.0 = Release|Any CPU
		{63671A31-C8FD-454F-A98C-38665A9F43C0}.Debug|Any CPU.ActiveCfg = Debug|Any CPU
		{63671A31-C8FD-454F-A98C-38665A9F43C0}.Debug|Any CPU.Build.0 = Debug|Any CPU
		{63671A31-C8FD-454F-A98C-38665A9F43C0}.Release|Any CPU.ActiveCfg = Release|Any CPU
		{63671A31-C8FD-454F-A98C-38665A9F43C0}.Release|Any CPU.Build.0 = Release|Any CPU
		{AEA658ED-7C36-4EEF-8CCB-F69E90746466}.Debug|Any CPU.ActiveCfg = Debug|Any CPU
		{AEA658ED-7C36-4EEF-8CCB-F69E90746466}.Debug|Any CPU.Build.0 = Debug|Any CPU
		{AEA658ED-7C36-4EEF-8CCB-F69E90746466}.Release|Any CPU.ActiveCfg = Release|Any CPU
		{AEA658ED-7C36-4EEF-8CCB-F69E90746466}.Release|Any CPU.Build.0 = Release|Any CPU
		{8FF84BF9-3F32-4F0D-8359-6707ACAAB8D6}.Debug|Any CPU.ActiveCfg = Debug|Any CPU
		{8FF84BF9-3F32-4F0D-8359-6707ACAAB8D6}.Debug|Any CPU.Build.0 = Debug|Any CPU
		{8FF84BF9-3F32-4F0D-8359-6707ACAAB8D6}.Release|Any CPU.ActiveCfg = Release|Any CPU
		{8FF84BF9-3F32-4F0D-8359-6707ACAAB8D6}.Release|Any CPU.Build.0 = Release|Any CPU
	EndGlobalSection
	GlobalSection(SolutionProperties) = preSolution
		HideSolutionNode = FALSE
	EndGlobalSection
	GlobalSection(ExtensibilityGlobals) = postSolution
		SolutionGuid = {1DFEE92B-0748-4159-82C6-881FD77F00F9}
	EndGlobalSection
EndGlobal
